
Microsoft Visual Studio Solution File, Format Version 12.00
# Visual Studio Version 16
VisualStudioVersion = 16.0.32228.343
MinimumVisualStudioVersion = 10.0.40219.1
Project("{9A19103F-16F7-4668-BE54-9A1E7A4F7556}") = "DMSFinal", "DMSFinal\DMSFinal.csproj", "{2D972BF8-0087-4466-8F14-05B701145556}"
EndProject
Project("{9A19103F-16F7-4668-BE54-9A1E7A4F7556}") = "DMSFinal.Test", "DMSFinal.Test\DMSFinal.Test.csproj", "{56DB17F4-2A63-492A-A1BE-058A16386659}"
EndProject
Global
	GlobalSection(SolutionConfigurationPlatforms) = preSolution
		Debug|Any CPU = Debug|Any CPU
		Release|Any CPU = Release|Any CPU
	EndGlobalSection
	GlobalSection(ProjectConfigurationPlatforms) = postSolution
		{2D972BF8-0087-4466-8F14-05B701145556}.Debug|Any CPU.ActiveCfg = Debug|Any CPU
		{2D972BF8-0087-4466-8F14-05B701145556}.Debug|Any CPU.Build.0 = Debug|Any CPU
		{2D972BF8-0087-4466-8F14-05B701145556}.Release|Any CPU.ActiveCfg = Release|Any CPU
		{2D972BF8-0087-4466-8F14-05B701145556}.Release|Any CPU.Build.0 = Release|Any CPU
		{56DB17F4-2A63-492A-A1BE-058A16386659}.Debug|Any CPU.ActiveCfg = Debug|Any CPU
		{56DB17F4-2A63-492A-A1BE-058A16386659}.Debug|Any CPU.Build.0 = Debug|Any CPU
		{56DB17F4-2A63-492A-A1BE-058A16386659}.Release|Any CPU.ActiveCfg = Release|Any CPU
		{56DB17F4-2A63-492A-A1BE-058A16386659}.Release|Any CPU.Build.0 = Release|Any CPU
	EndGlobalSection
	GlobalSection(SolutionProperties) = preSolution
		HideSolutionNode = FALSE
	EndGlobalSection
	GlobalSection(ExtensibilityGlobals) = postSolution
		SolutionGuid = {1F219808-E6E8-4C1D-B846-41F2F7CF20FA}
	EndGlobalSection
EndGlobal
